
Microsoft Visual Studio Solution File, Format Version 12.00
# Visual Studio 15
VisualStudioVersion = 15.0.28307.1062
MinimumVisualStudioVersion = 10.0.40219.1
Project("{8BC9CEB8-8B4A-11D0-8D11-00A0C91BC942}") = "TP01CplusPlus", "TP01CplusPlus\TP01CplusPlus.vcxproj", "{EA019C69-7EFB-4F4F-AC86-DBAE03C6B65C}"
EndProject
Global
	GlobalSection(SolutionConfigurationPlatforms) = preSolution
		Debug|x64 = Debug|x64
		Debug|x86 = Debug|x86
		Release|x64 = Release|x64
		Release|x86 = Release|x86
	EndGlobalSection
	GlobalSection(ProjectConfigurationPlatforms) = postSolution
		{EA019C69-7EFB-4F4F-AC86-DBAE03C6B65C}.Debug|x64.ActiveCfg = Debug|x64
		{EA019C69-7EFB-4F4F-AC86-DBAE03C6B65C}.Debug|x64.Build.0 = Debug|x64
		{EA019C69-7EFB-4F4F-AC86-DBAE03C6B65C}.Debug|x86.ActiveCfg = Debug|Win32
		{EA019C69-7EFB-4F4F-AC86-DBAE03C6B65C}.Debug|x86.Build.0 = Debug|Win32
		{EA019C69-7EFB-4F4F-AC86-DBAE03C6B65C}.Release|x64.ActiveCfg = Release|x64
		{EA019C69-7EFB-4F4F-AC86-DBAE03C6B65C}.Release|x64.Build.0 = Release|x64
		{EA019C69-7EFB-4F4F-AC86-DBAE03C6B65C}.Release|x86.ActiveCfg = Release|Win32
		{EA019C69-7EFB-4F4F-AC86-DBAE03C6B65C}.Release|x86.Build.0 = Release|Win32
	EndGlobalSection
	GlobalSection(SolutionProperties) = preSolution
		HideSolutionNode = FALSE
	EndGlobalSection
	GlobalSection(ExtensibilityGlobals) = postSolution
		SolutionGuid = {8DF911FD-6170-4010-B2FD-B7AFE04F2E4A}
	EndGlobalSection
EndGlobal
